
Microsoft Visual Studio Solution File, Format Version 12.00
# Visual Studio Version 17
VisualStudioVersion = 17.9.34714.143
MinimumVisualStudioVersion = 10.0.40219.1
Project("{FAE04EC0-301F-11D3-BF4B-00C04F79EFBC}") = "Web", "CountryApi\Web.csproj", "{60686393-626D-47AD-825A-EC9311718834}"
EndProject
Project("{FAE04EC0-301F-11D3-BF4B-00C04F79EFBC}") = "Application", "Application\Application.csproj", "{581636DC-6342-4FC2-9BB5-6EEF8F14282C}"
EndProject
Project("{FAE04EC0-301F-11D3-BF4B-00C04F79EFBC}") = "Domain", "Domain\Domain.csproj", "{85863D63-8820-41AE-A8F3-0027BD402FF5}"
EndProject
Project("{FAE04EC0-301F-11D3-BF4B-00C04F79EFBC}") = "Infrastructure", "Infrastructure\Infrastructure.csproj", "{FC9636F1-6361-461C-9093-63B1FAF07924}"
EndProject
Project("{FAE04EC0-301F-11D3-BF4B-00C04F79EFBC}") = "Tests", "Tests\Tests.csproj", "{88E7CA0F-49D7-44BA-B2DE-DDC77B8B420A}"
EndProject
Project("{FAE04EC0-301F-11D3-BF4B-00C04F79EFBC}") = "Authentication", "Authentication\Authentication.csproj", "{68C40391-F873-4836-880B-160C849EA43B}"
EndProject
Global
	GlobalSection(SolutionConfigurationPlatforms) = preSolution
		Debug|Any CPU = Debug|Any CPU
		Release|Any CPU = Release|Any CPU
	EndGlobalSection
	GlobalSection(ProjectConfigurationPlatforms) = postSolution
		{60686393-626D-47AD-825A-EC9311718834}.Debug|Any CPU.ActiveCfg = Debug|Any CPU
		{60686393-626D-47AD-825A-EC9311718834}.Debug|Any CPU.Build.0 = Debug|Any CPU
		{60686393-626D-47AD-825A-EC9311718834}.Release|Any CPU.ActiveCfg = Release|Any CPU
		{60686393-626D-47AD-825A-EC9311718834}.Release|Any CPU.Build.0 = Release|Any CPU
		{581636DC-6342-4FC2-9BB5-6EEF8F14282C}.Debug|Any CPU.ActiveCfg = Debug|Any CPU
		{581636DC-6342-4FC2-9BB5-6EEF8F14282C}.Debug|Any CPU.Build.0 = Debug|Any CPU
		{581636DC-6342-4FC2-9BB5-6EEF8F14282C}.Release|Any CPU.ActiveCfg = Release|Any CPU
		{581636DC-6342-4FC2-9BB5-6EEF8F14282C}.Release|Any CPU.Build.0 = Release|Any CPU
		{85863D63-8820-41AE-A8F3-0027BD402FF5}.Debug|Any CPU.ActiveCfg = Debug|Any CPU
		{85863D63-8820-41AE-A8F3-0027BD402FF5}.Debug|Any CPU.Build.0 = Debug|Any CPU
		{85863D63-8820-41AE-A8F3-0027BD402FF5}.Release|Any CPU.ActiveCfg = Release|Any CPU
		{85863D63-8820-41AE-A8F3-0027BD402FF5}.Release|Any CPU.Build.0 = Release|Any CPU
		{FC9636F1-6361-461C-9093-63B1FAF07924}.Debug|Any CPU.ActiveCfg = Debug|Any CPU
		{FC9636F1-6361-461C-9093-63B1FAF07924}.Debug|Any CPU.Build.0 = Debug|Any CPU
		{FC9636F1-6361-461C-9093-63B1FAF07924}.Release|Any CPU.ActiveCfg = Release|Any CPU
		{FC9636F1-6361-461C-9093-63B1FAF07924}.Release|Any CPU.Build.0 = Release|Any CPU
		{88E7CA0F-49D7-44BA-B2DE-DDC77B8B420A}.Debug|Any CPU.ActiveCfg = Debug|Any CPU
		{88E7CA0F-49D7-44BA-B2DE-DDC77B8B420A}.Debug|Any CPU.Build.0 = Debug|Any CPU
		{88E7CA0F-49D7-44BA-B2DE-DDC77B8B420A}.Release|Any CPU.ActiveCfg = Release|Any CPU
		{88E7CA0F-49D7-44BA-B2DE-DDC77B8B420A}.Release|Any CPU.Build.0 = Release|Any CPU
		{68C40391-F873-4836-880B-160C849EA43B}.Debug|Any CPU.ActiveCfg = Debug|Any CPU
		{68C40391-F873-4836-880B-160C849EA43B}.Debug|Any CPU.Build.0 = Debug|Any CPU
		{68C40391-F873-4836-880B-160C849EA43B}.Release|Any CPU.ActiveCfg = Release|Any CPU
		{68C40391-F873-4836-880B-160C849EA43B}.Release|Any CPU.Build.0 = Release|Any CPU
	EndGlobalSection
	GlobalSection(SolutionProperties) = preSolution
		HideSolutionNode = FALSE
	EndGlobalSection
	GlobalSection(ExtensibilityGlobals) = postSolution
		SolutionGuid = {250D4CC7-736A-4424-AD26-C8617680A043}
	EndGlobalSection
EndGlobal
